
Microsoft Visual Studio Solution File, Format Version 12.00
# Visual Studio Version 17
VisualStudioVersion = 17.0.32014.148
MinimumVisualStudioVersion = 10.0.40219.1
Project("{9A19103F-16F7-4668-BE54-9A1E7A4F7556}") = "Gateways.API", "Gateways.API\Gateways.API.csproj", "{002C7FFA-A9FF-4C90-B003-DFAEB637B2F4}"
	ProjectSection(ProjectDependencies) = postProject
		{6F12EA8E-B109-4625-8A95-5B99682044EB} = {6F12EA8E-B109-4625-8A95-5B99682044EB}
		{C3E7DAE7-0E20-4B50-BB5A-609388F0E2B9} = {C3E7DAE7-0E20-4B50-BB5A-609388F0E2B9}
	EndProjectSection
EndProject
Project("{9A19103F-16F7-4668-BE54-9A1E7A4F7556}") = "Gateways.Data", "Gateways.Data\Gateways.Data.csproj", "{C3E7DAE7-0E20-4B50-BB5A-609388F0E2B9}"
EndProject
Project("{9A19103F-16F7-4668-BE54-9A1E7A4F7556}") = "Gateways.Services", "Gateways.Services\Gateways.Services.csproj", "{6F12EA8E-B109-4625-8A95-5B99682044EB}"
	ProjectSection(ProjectDependencies) = postProject
		{C3E7DAE7-0E20-4B50-BB5A-609388F0E2B9} = {C3E7DAE7-0E20-4B50-BB5A-609388F0E2B9}
	EndProjectSection
EndProject
Project("{9A19103F-16F7-4668-BE54-9A1E7A4F7556}") = "Gateways.Test", "Gateways.Test\Gateways.Test.csproj", "{E593F012-4479-43A4-A158-C9EEE5A476BF}"
EndProject
Global
	GlobalSection(SolutionConfigurationPlatforms) = preSolution
		Debug|Any CPU = Debug|Any CPU
		Release|Any CPU = Release|Any CPU
	EndGlobalSection
	GlobalSection(ProjectConfigurationPlatforms) = postSolution
		{002C7FFA-A9FF-4C90-B003-DFAEB637B2F4}.Debug|Any CPU.ActiveCfg = Debug|Any CPU
		{002C7FFA-A9FF-4C90-B003-DFAEB637B2F4}.Debug|Any CPU.Build.0 = Debug|Any CPU
		{002C7FFA-A9FF-4C90-B003-DFAEB637B2F4}.Release|Any CPU.ActiveCfg = Release|Any CPU
		{002C7FFA-A9FF-4C90-B003-DFAEB637B2F4}.Release|Any CPU.Build.0 = Release|Any CPU
		{C3E7DAE7-0E20-4B50-BB5A-609388F0E2B9}.Debug|Any CPU.ActiveCfg = Debug|Any CPU
		{C3E7DAE7-0E20-4B50-BB5A-609388F0E2B9}.Debug|Any CPU.Build.0 = Debug|Any CPU
		{C3E7DAE7-0E20-4B50-BB5A-609388F0E2B9}.Release|Any CPU.ActiveCfg = Release|Any CPU
		{C3E7DAE7-0E20-4B50-BB5A-609388F0E2B9}.Release|Any CPU.Build.0 = Release|Any CPU
		{6F12EA8E-B109-4625-8A95-5B99682044EB}.Debug|Any CPU.ActiveCfg = Debug|Any CPU
		{6F12EA8E-B109-4625-8A95-5B99682044EB}.Debug|Any CPU.Build.0 = Debug|Any CPU
		{6F12EA8E-B109-4625-8A95-5B99682044EB}.Release|Any CPU.ActiveCfg = Release|Any CPU
		{6F12EA8E-B109-4625-8A95-5B99682044EB}.Release|Any CPU.Build.0 = Release|Any CPU
		{E593F012-4479-43A4-A158-C9EEE5A476BF}.Debug|Any CPU.ActiveCfg = Debug|Any CPU
		{E593F012-4479-43A4-A158-C9EEE5A476BF}.Debug|Any CPU.Build.0 = Debug|Any CPU
		{E593F012-4479-43A4-A158-C9EEE5A476BF}.Release|Any CPU.ActiveCfg = Release|Any CPU
		{E593F012-4479-43A4-A158-C9EEE5A476BF}.Release|Any CPU.Build.0 = Release|Any CPU
	EndGlobalSection
	GlobalSection(SolutionProperties) = preSolution
		HideSolutionNode = FALSE
	EndGlobalSection
	GlobalSection(ExtensibilityGlobals) = postSolution
		SolutionGuid = {AEA60E13-00DE-457A-A387-A6FFB31D605C}
	EndGlobalSection
EndGlobal
